
Microsoft Visual Studio Solution File, Format Version 12.00
Project("{FAE04EC0-301F-11D3-BF4B-00C04F79EFBC}") = "Laba1", "Laba1\Laba1.csproj", "{A9AB07CE-A77C-40F0-836A-2A6528F15E16}"
EndProject
Project("{FAE04EC0-301F-11D3-BF4B-00C04F79EFBC}") = "Laba2", "Laba2\Laba2.csproj", "{91A573D8-9A54-4977-9DE6-A80ABD27C56D}"
EndProject
Project("{FAE04EC0-301F-11D3-BF4B-00C04F79EFBC}") = "Laba3", "Laba3\Laba3.csproj", "{32E2A81D-80AB-4DB3-927B-5B90C980B3BC}"
EndProject
Project("{FAE04EC0-301F-11D3-BF4B-00C04F79EFBC}") = "Laba4", "Laba4\Laba4.csproj", "{44D0FBCA-C133-4F16-8F02-DDD9D318323D}"
EndProject
Global
	GlobalSection(SolutionConfigurationPlatforms) = preSolution
		Debug|Any CPU = Debug|Any CPU
		Release|Any CPU = Release|Any CPU
	EndGlobalSection
	GlobalSection(ProjectConfigurationPlatforms) = postSolution
		{A9AB07CE-A77C-40F0-836A-2A6528F15E16}.Debug|Any CPU.ActiveCfg = Debug|Any CPU
		{A9AB07CE-A77C-40F0-836A-2A6528F15E16}.Debug|Any CPU.Build.0 = Debug|Any CPU
		{A9AB07CE-A77C-40F0-836A-2A6528F15E16}.Release|Any CPU.ActiveCfg = Release|Any CPU
		{A9AB07CE-A77C-40F0-836A-2A6528F15E16}.Release|Any CPU.Build.0 = Release|Any CPU
		{91A573D8-9A54-4977-9DE6-A80ABD27C56D}.Debug|Any CPU.ActiveCfg = Debug|Any CPU
		{91A573D8-9A54-4977-9DE6-A80ABD27C56D}.Debug|Any CPU.Build.0 = Debug|Any CPU
		{91A573D8-9A54-4977-9DE6-A80ABD27C56D}.Release|Any CPU.ActiveCfg = Release|Any CPU
		{91A573D8-9A54-4977-9DE6-A80ABD27C56D}.Release|Any CPU.Build.0 = Release|Any CPU
		{32E2A81D-80AB-4DB3-927B-5B90C980B3BC}.Debug|Any CPU.ActiveCfg = Debug|Any CPU
		{32E2A81D-80AB-4DB3-927B-5B90C980B3BC}.Debug|Any CPU.Build.0 = Debug|Any CPU
		{32E2A81D-80AB-4DB3-927B-5B90C980B3BC}.Release|Any CPU.ActiveCfg = Release|Any CPU
		{32E2A81D-80AB-4DB3-927B-5B90C980B3BC}.Release|Any CPU.Build.0 = Release|Any CPU
		{44D0FBCA-C133-4F16-8F02-DDD9D318323D}.Debug|Any CPU.ActiveCfg = Debug|Any CPU
		{44D0FBCA-C133-4F16-8F02-DDD9D318323D}.Debug|Any CPU.Build.0 = Debug|Any CPU
		{44D0FBCA-C133-4F16-8F02-DDD9D318323D}.Release|Any CPU.ActiveCfg = Release|Any CPU
		{44D0FBCA-C133-4F16-8F02-DDD9D318323D}.Release|Any CPU.Build.0 = Release|Any CPU
	EndGlobalSection
EndGlobal
